
Microsoft Visual Studio Solution File, Format Version 12.00
# Visual Studio Version 17
VisualStudioVersion = 17.9.34701.34
MinimumVisualStudioVersion = 10.0.40219.1
Project("{9A19103F-16F7-4668-BE54-9A1E7A4F7556}") = "NetCore.web", "NetCore.web\NetCore.web.csproj", "{24EFE106-A548-492F-8483-BE54D4A10624}"
EndProject
Project("{FAE04EC0-301F-11D3-BF4B-00C04F79EFBC}") = "NetCore.Services", "NetCore.Services\NetCore.Services.csproj", "{EC16898C-5E76-4C21-A8BF-91987A9878A5}"
EndProject
Project("{FAE04EC0-301F-11D3-BF4B-00C04F79EFBC}") = "NetCore.Data", "NetCore.Data\NetCore.Data.csproj", "{3545CE8F-63D5-4BF0-BC98-712697FCC6CD}"
EndProject
Project("{FAE04EC0-301F-11D3-BF4B-00C04F79EFBC}") = "NetCore.Migrations", "NetCore.Migrations\NetCore.Migrations.csproj", "{26738444-CD44-4487-99DB-0224B4357D80}"
EndProject
Global
	GlobalSection(SolutionConfigurationPlatforms) = preSolution
		Debug|Any CPU = Debug|Any CPU
		Release|Any CPU = Release|Any CPU
	EndGlobalSection
	GlobalSection(ProjectConfigurationPlatforms) = postSolution
		{24EFE106-A548-492F-8483-BE54D4A10624}.Debug|Any CPU.ActiveCfg = Debug|Any CPU
		{24EFE106-A548-492F-8483-BE54D4A10624}.Debug|Any CPU.Build.0 = Debug|Any CPU
		{24EFE106-A548-492F-8483-BE54D4A10624}.Release|Any CPU.ActiveCfg = Release|Any CPU
		{24EFE106-A548-492F-8483-BE54D4A10624}.Release|Any CPU.Build.0 = Release|Any CPU
		{EC16898C-5E76-4C21-A8BF-91987A9878A5}.Debug|Any CPU.ActiveCfg = Debug|Any CPU
		{EC16898C-5E76-4C21-A8BF-91987A9878A5}.Debug|Any CPU.Build.0 = Debug|Any CPU
		{EC16898C-5E76-4C21-A8BF-91987A9878A5}.Release|Any CPU.ActiveCfg = Release|Any CPU
		{EC16898C-5E76-4C21-A8BF-91987A9878A5}.Release|Any CPU.Build.0 = Release|Any CPU
		{3545CE8F-63D5-4BF0-BC98-712697FCC6CD}.Debug|Any CPU.ActiveCfg = Debug|Any CPU
		{3545CE8F-63D5-4BF0-BC98-712697FCC6CD}.Debug|Any CPU.Build.0 = Debug|Any CPU
		{3545CE8F-63D5-4BF0-BC98-712697FCC6CD}.Release|Any CPU.ActiveCfg = Release|Any CPU
		{3545CE8F-63D5-4BF0-BC98-712697FCC6CD}.Release|Any CPU.Build.0 = Release|Any CPU
		{26738444-CD44-4487-99DB-0224B4357D80}.Debug|Any CPU.ActiveCfg = Debug|Any CPU
		{26738444-CD44-4487-99DB-0224B4357D80}.Debug|Any CPU.Build.0 = Debug|Any CPU
		{26738444-CD44-4487-99DB-0224B4357D80}.Release|Any CPU.ActiveCfg = Release|Any CPU
		{26738444-CD44-4487-99DB-0224B4357D80}.Release|Any CPU.Build.0 = Release|Any CPU
	EndGlobalSection
	GlobalSection(SolutionProperties) = preSolution
		HideSolutionNode = FALSE
	EndGlobalSection
	GlobalSection(ExtensibilityGlobals) = postSolution
		SolutionGuid = {C39AEEAB-2939-4DEB-9E8E-15610D9386ED}
	EndGlobalSection
EndGlobal
